<?xml version="1.0" encoding="utf-8"?>
<Project ToolsVersion="4.0" xmlns="http://schemas.microsoft.com/developer/msbuild/2003">
  <ItemGroup>
    <Filter Include="소스 파일">
      <UniqueIdentifier>{4FC737F1-C7A5-4376-A066-2A32D752A2FF}</UniqueIdentifier>
      <Extensions>cpp;c;cc;cxx;c++;cppm;ixx;def;odl;idl;hpj;bat;asm;asmx</Extensions>
    </Filter>
    <Filter Include="헤더 파일">
      <UniqueIdentifier>{93995380-89BD-4b04-88EB-625FBE52EBFB}</UniqueIdentifier>
      <Extensions>h;hh;hpp;hxx;h++;hm;inl;inc;ipp;xsd</Extensions>
    </Filter>
    <Filter Include="리소스 파일">
      <UniqueIdentifier>{67DA6AB6-F800-4c08-8B7A-83BB121AAD01}</UniqueIdentifier>
      <Extensions>rc;ico;cur;bmp;dlg;rc2;rct;bin;rgs;gif;jpg;jpeg;jpe;resx;tiff;tif;png;wav;mfcribbon-ms</Extensions>
    </Filter>
  </ItemGroup>
  <ItemGroup>
    <ClCompile Include="1043거짓.cpp">
      <Filter>소스 파일</Filter>
    </ClCompile>
    <ClCompile Include="1043해답.cpp">
      <Filter>소스 파일</Filter>
    </ClCompile>
    <ClCompile Include="1916최소비용.cpp">
      <Filter>소스 파일</Filter>
    </ClCompile>
    <ClCompile Include="1504특정최단경로.cpp">
      <Filter>소스 파일</Filter>
    </ClCompile>
    <ClCompile Include="2568전깃줄2.cpp">
      <Filter>소스 파일</Filter>
    </ClCompile>
    <ClCompile Include="lis.cpp">
      <Filter>소스 파일</Filter>
    </ClCompile>
    <ClCompile Include="1005acm크래프트.cpp">
      <Filter>소스 파일</Filter>
    </ClCompile>
    <ClCompile Include="1005위상정렬.cpp">
      <Filter>소스 파일</Filter>
    </ClCompile>
    <ClCompile Include="2252줄세우기.cpp">
      <Filter>소스 파일</Filter>
    </ClCompile>
    <ClCompile Include="1766문제집.cpp">
      <Filter>소스 파일</Filter>
    </ClCompile>
    <ClCompile Include="1948임계경로.cpp">
      <Filter>소스 파일</Filter>
    </ClCompile>
    <ClCompile Include="1948재도전.cpp">
      <Filter>소스 파일</Filter>
    </ClCompile>
    <ClCompile Include="16724피리사나이.cpp">
      <Filter>소스 파일</Filter>
    </ClCompile>
    <ClCompile Include="7579.cpp">
      <Filter>소스 파일</Filter>
    </ClCompile>
    <ClCompile Include="4781사탕가게.cpp">
      <Filter>소스 파일</Filter>
    </ClCompile>
    <ClCompile Include="1201보석도둑.cpp">
      <Filter>소스 파일</Filter>
    </ClCompile>
    <ClCompile Include="1590펠린드롬.cpp">
      <Filter>소스 파일</Filter>
    </ClCompile>
    <ClCompile Include="10775공항.cpp">
      <Filter>소스 파일</Filter>
    </ClCompile>
    <ClCompile Include="14003.cpp">
      <Filter>소스 파일</Filter>
    </ClCompile>
    <ClCompile Include="16566.cpp">
      <Filter>소스 파일</Filter>
    </ClCompile>
    <ClCompile Include="2887행성터널.cpp">
      <Filter>소스 파일</Filter>
    </ClCompile>
    <ClCompile Include="14939불 끄기.cpp">
      <Filter>소스 파일</Filter>
    </ClCompile>
    <ClCompile Include="1208부분수열의합.cpp">
      <Filter>소스 파일</Filter>
    </ClCompile>
    <ClCompile Include="1806연속 부분합.cpp">
      <Filter>소스 파일</Filter>
    </ClCompile>
    <ClCompile Include="9251LCS문자열1.cpp">
      <Filter>소스 파일</Filter>
    </ClCompile>
    <ClCompile Include="9252LCS2.cpp">
      <Filter>소스 파일</Filter>
    </ClCompile>
    <ClCompile Include="11399.cpp">
      <Filter>소스 파일</Filter>
    </ClCompile>
    <ClCompile Include="5525.cpp">
      <Filter>소스 파일</Filter>
    </ClCompile>
    <ClCompile Include="1389.cpp">
      <Filter>소스 파일</Filter>
    </ClCompile>
    <ClCompile Include="18870.cpp">
      <Filter>소스 파일</Filter>
    </ClCompile>
    <ClCompile Include="11724.cpp">
      <Filter>소스 파일</Filter>
    </ClCompile>
    <ClCompile Include="1074.cpp">
      <Filter>소스 파일</Filter>
    </ClCompile>
    <ClCompile Include="1535안녕Knapsack.cpp">
      <Filter>소스 파일</Filter>
    </ClCompile>
    <ClCompile Include="4781unboundedknapsack.cpp">
      <Filter>소스 파일</Filter>
    </ClCompile>
    <ClCompile Include="7579secondtime.cpp">
      <Filter>소스 파일</Filter>
    </ClCompile>
    <ClCompile Include="testing.cpp">
      <Filter>소스 파일</Filter>
    </ClCompile>
    <ClCompile Include="2022블라인드1신고결과받기.cpp">
      <Filter>소스 파일</Filter>
    </ClCompile>
    <ClCompile Include="2022카카오블라인드k진수소수개수.cpp">
      <Filter>소스 파일</Filter>
    </ClCompile>
    <ClCompile Include="kkbl1.cpp">
      <Filter>소스 파일</Filter>
    </ClCompile>
    <ClCompile Include="bl2.cpp">
      <Filter>소스 파일</Filter>
    </ClCompile>
    <ClCompile Include="kakao2020메뉴리뉴얼.cpp">
      <Filter>소스 파일</Filter>
    </ClCompile>
    <ClCompile Include="소스.cpp">
      <Filter>소스 파일</Filter>
    </ClCompile>
    <ClCompile Include="ewqeqw.cpp">
      <Filter>소스 파일</Filter>
    </ClCompile>
  </ItemGroup>
</Project>